
Microsoft Visual Studio Solution File, Format Version 12.00
# Visual Studio Version 17
VisualStudioVersion = 17.0.31903.59
MinimumVisualStudioVersion = 10.0.40219.1
Project("{2150E333-8FDC-42A3-9474-1A3956D46DE8}") = "src", "src", "{A12AED7D-6751-4400-87E4-9946376F130F}"
EndProject
Project("{FAE04EC0-301F-11D3-BF4B-00C04F79EFBC}") = "EforTakip.Api", "src\EforTakip.Api\EforTakip.Api.csproj", "{144124DE-454F-4BCB-9BB9-FBBFF90922C1}"
EndProject
Project("{FAE04EC0-301F-11D3-BF4B-00C04F79EFBC}") = "EforTakip.Domain", "src\EforTakip.Domain\EforTakip.Domain.csproj", "{54D68308-8C2D-4B3E-8C61-9A84E1A346E8}"
EndProject
Project("{FAE04EC0-301F-11D3-BF4B-00C04F79EFBC}") = "EforTakip.Application", "src\EforTakip.Application\EforTakip.Application.csproj", "{82A0B4DE-EAAB-4290-97B1-231C9064BDAF}"
EndProject
Project("{FAE04EC0-301F-11D3-BF4B-00C04F79EFBC}") = "EforTakip.Infrastructure", "src\EforTakip.Infrastructure\EforTakip.Infrastructure.csproj", "{16562ABC-A401-400E-A223-4161C89DF863}"
EndProject
Project("{FAE04EC0-301F-11D3-BF4B-00C04F79EFBC}") = "EforTakip.Persistence", "src\EforTakip.Persistence\EforTakip.Persistence.csproj", "{C2347705-7040-4502-B39A-12683C98E73A}"
EndProject
Project("{2150E333-8FDC-42A3-9474-1A3956D46DE8}") = "tests", "tests", "{691922AB-FCF0-43C4-B6A1-6CC0FC7040C3}"
EndProject
Project("{FAE04EC0-301F-11D3-BF4B-00C04F79EFBC}") = "EforTakip.Domain.Tests", "tests\EforTakip.Domain.Tests\EforTakip.Domain.Tests.csproj", "{36ED9CCC-DCB7-4920-9684-216CDA5C9550}"
EndProject
Project("{FAE04EC0-301F-11D3-BF4B-00C04F79EFBC}") = "EforTakip.Application.Tests", "tests\EforTakip.Application.Tests\EforTakip.Application.Tests.csproj", "{2E78B37E-D857-4F7E-A7CA-DC9E266CEE38}"
EndProject
Global
	GlobalSection(SolutionConfigurationPlatforms) = preSolution
		Debug|Any CPU = Debug|Any CPU
		Release|Any CPU = Release|Any CPU
	EndGlobalSection
	GlobalSection(SolutionProperties) = preSolution
		HideSolutionNode = FALSE
	EndGlobalSection
	GlobalSection(ProjectConfigurationPlatforms) = postSolution
		{144124DE-454F-4BCB-9BB9-FBBFF90922C1}.Debug|Any CPU.ActiveCfg = Debug|Any CPU
		{144124DE-454F-4BCB-9BB9-FBBFF90922C1}.Debug|Any CPU.Build.0 = Debug|Any CPU
		{144124DE-454F-4BCB-9BB9-FBBFF90922C1}.Release|Any CPU.ActiveCfg = Release|Any CPU
		{144124DE-454F-4BCB-9BB9-FBBFF90922C1}.Release|Any CPU.Build.0 = Release|Any CPU
		{54D68308-8C2D-4B3E-8C61-9A84E1A346E8}.Debug|Any CPU.ActiveCfg = Debug|Any CPU
		{54D68308-8C2D-4B3E-8C61-9A84E1A346E8}.Debug|Any CPU.Build.0 = Debug|Any CPU
		{54D68308-8C2D-4B3E-8C61-9A84E1A346E8}.Release|Any CPU.ActiveCfg = Release|Any CPU
		{54D68308-8C2D-4B3E-8C61-9A84E1A346E8}.Release|Any CPU.Build.0 = Release|Any CPU
		{82A0B4DE-EAAB-4290-97B1-231C9064BDAF}.Debug|Any CPU.ActiveCfg = Debug|Any CPU
		{82A0B4DE-EAAB-4290-97B1-231C9064BDAF}.Debug|Any CPU.Build.0 = Debug|Any CPU
		{82A0B4DE-EAAB-4290-97B1-231C9064BDAF}.Release|Any CPU.ActiveCfg = Release|Any CPU
		{82A0B4DE-EAAB-4290-97B1-231C9064BDAF}.Release|Any CPU.Build.0 = Release|Any CPU
		{16562ABC-A401-400E-A223-4161C89DF863}.Debug|Any CPU.ActiveCfg = Debug|Any CPU
		{16562ABC-A401-400E-A223-4161C89DF863}.Debug|Any CPU.Build.0 = Debug|Any CPU
		{16562ABC-A401-400E-A223-4161C89DF863}.Release|Any CPU.ActiveCfg = Release|Any CPU
		{16562ABC-A401-400E-A223-4161C89DF863}.Release|Any CPU.Build.0 = Release|Any CPU
		{C2347705-7040-4502-B39A-12683C98E73A}.Debug|Any CPU.ActiveCfg = Debug|Any CPU
		{C2347705-7040-4502-B39A-12683C98E73A}.Debug|Any CPU.Build.0 = Debug|Any CPU
		{C2347705-7040-4502-B39A-12683C98E73A}.Release|Any CPU.ActiveCfg = Release|Any CPU
		{C2347705-7040-4502-B39A-12683C98E73A}.Release|Any CPU.Build.0 = Release|Any CPU
		{36ED9CCC-DCB7-4920-9684-216CDA5C9550}.Debug|Any CPU.ActiveCfg = Debug|Any CPU
		{36ED9CCC-DCB7-4920-9684-216CDA5C9550}.Debug|Any CPU.Build.0 = Debug|Any CPU
		{36ED9CCC-DCB7-4920-9684-216CDA5C9550}.Release|Any CPU.ActiveCfg = Release|Any CPU
		{36ED9CCC-DCB7-4920-9684-216CDA5C9550}.Release|Any CPU.Build.0 = Release|Any CPU
		{2E78B37E-D857-4F7E-A7CA-DC9E266CEE38}.Debug|Any CPU.ActiveCfg = Debug|Any CPU
		{2E78B37E-D857-4F7E-A7CA-DC9E266CEE38}.Debug|Any CPU.Build.0 = Debug|Any CPU
		{2E78B37E-D857-4F7E-A7CA-DC9E266CEE38}.Release|Any CPU.ActiveCfg = Release|Any CPU
		{2E78B37E-D857-4F7E-A7CA-DC9E266CEE38}.Release|Any CPU.Build.0 = Release|Any CPU
	EndGlobalSection
	GlobalSection(NestedProjects) = preSolution
		{144124DE-454F-4BCB-9BB9-FBBFF90922C1} = {A12AED7D-6751-4400-87E4-9946376F130F}
		{54D68308-8C2D-4B3E-8C61-9A84E1A346E8} = {A12AED7D-6751-4400-87E4-9946376F130F}
		{82A0B4DE-EAAB-4290-97B1-231C9064BDAF} = {A12AED7D-6751-4400-87E4-9946376F130F}
		{16562ABC-A401-400E-A223-4161C89DF863} = {A12AED7D-6751-4400-87E4-9946376F130F}
		{C2347705-7040-4502-B39A-12683C98E73A} = {A12AED7D-6751-4400-87E4-9946376F130F}
		{36ED9CCC-DCB7-4920-9684-216CDA5C9550} = {691922AB-FCF0-43C4-B6A1-6CC0FC7040C3}
		{2E78B37E-D857-4F7E-A7CA-DC9E266CEE38} = {691922AB-FCF0-43C4-B6A1-6CC0FC7040C3}
	EndGlobalSection
EndGlobal
